
Microsoft Visual Studio Solution File, Format Version 12.00
# Visual Studio Version 17
VisualStudioVersion = 17.14.36518.9 d17.14
MinimumVisualStudioVersion = 10.0.40219.1
Project("{FAE04EC0-301F-11D3-BF4B-00C04F79EFBC}") = "DevOpsCopilot.Cli", "DevOpsCopilot.Cli\DevOpsCopilot.Cli.csproj", "{A8A97D9C-53C9-4D34-A259-961BC80D0CBD}"
EndProject
Global
	GlobalSection(SolutionConfigurationPlatforms) = preSolution
		Debug|Any CPU = Debug|Any CPU
		Release|Any CPU = Release|Any CPU
	EndGlobalSection
	GlobalSection(ProjectConfigurationPlatforms) = postSolution
		{A8A97D9C-53C9-4D34-A259-961BC80D0CBD}.Debug|Any CPU.ActiveCfg = Debug|Any CPU
		{A8A97D9C-53C9-4D34-A259-961BC80D0CBD}.Debug|Any CPU.Build.0 = Debug|Any CPU
		{A8A97D9C-53C9-4D34-A259-961BC80D0CBD}.Release|Any CPU.ActiveCfg = Release|Any CPU
		{A8A97D9C-53C9-4D34-A259-961BC80D0CBD}.Release|Any CPU.Build.0 = Release|Any CPU
	EndGlobalSection
	GlobalSection(SolutionProperties) = preSolution
		HideSolutionNode = FALSE
	EndGlobalSection
	GlobalSection(ExtensibilityGlobals) = postSolution
		SolutionGuid = {FB41D18E-772C-4F8F-AAAE-EB46ED9B45FF}
	EndGlobalSection
EndGlobal
